{
  "requires": true,
  "lockfileVersion": 1,
  "dependencies": {
    "liara": {
      "version": "0.0.1",
      "resolved": "https://registry.npmjs.org/liara/-/liara-0.0.1.tgz",
      "integrity": "sha512-d6uhPm/HxV2HU3kIelynAsLdomN5tR2ta4JDsAP/bIj9nvInY8pGuso5iDyOLra7XqutvB8tQb7bRW7tizelPw=="
    }
  }
}
